github.com/alexj212/gox v0.0.0-20220530031414-6c5a1b70c36d h1:yIGow9WZECh0MHuRfu6FF3M6qjcYZU4J5feBjMZXT+E=
github.com/alexj212/gox v0.0.0-20220530031414-6c5a1b70c36d/go.mod h1:cEEVBK/VTpCx4EBQM9s62ABz6AKh0e01oNxz3CmKAVE=
github.com/alexj212/gox v0.1.0 h1:LYC24T7h8KYOl++mw7Zx7n08JpPDc0PJz5RMUzVu2Ak=
github.com/alexj212/gox v0.1.0/go.mod h1:5PZLrPVAfHXSiwWIPF7lgRkMP1iBrIbPllPpXaVRcso=
github.com/droundy/goopt v0.0.0-20220217183150-48d6390ad4d1 h1:6PKU05V7zJIJlTBq7AnEIrLVEUIYF4NjTU2a28Ho6ko=
github.com/droundy/goopt v0.0.0-20220217183150-48d6390ad4d1/go.mod h1:ytRJ64WkuW4kf6/tuYqBATBCRFUP8X9+LDtgcvE+koI=
github.com/emicklei/proto v1.11.0 h1:XcDEsxxv5xBp0jeZ4rt7dj1wuv/GQ4cSAe4BHbhrRXY=
github.com/emicklei/proto v1.11.0/go.mod h1:rn1FgRS/FANiZdD2djyH7TMA9jdRDcYQ9IEN9yvjX0A=
github.com/pkg/errors v0.9.1 h1:FEBLx1zS214owpjy7qsBeixbURkuhQAwrK5UwLGTwt4=
github.com/pkg/errors v0.9.1/go.mod h1:bwawxfHBFNV+L2hUp1rHADufV3IMtnDRdf1r5NINEl0=
github.com/potakhov/cache v0.0.1 h1:XCHcz7vU0y+dkKGBPGwCHyHGJ1e2ObvhxbLyjV0k0Ww=
github.com/potakhov/cache v0.0.1/go.mod h1:Kjqv0VQNS3ubA6UNRuB9Zfl/RZUs3xgBVeS01BBVdzs=
github.com/potakhov/loge v0.2.0 h1:6aMzaBFXlH5HL/DAVTf8wS6iIgnWYgjDA3boBipu/LQ=
github.com/potakhov/loge v0.2.0/go.mod h1:kt9SQXOBdTNPVMKELp01LNJtNu6u1duJg4++SWhT74w=
golang.org/x/crypto v0.0.0-20220924013350-4ba4fb4dd9e7 h1:WJywXQVIb56P2kAvXeMGTIgQ1ZHQxR60+F9dLsodECc=
golang.org/x/crypto v0.0.0-20220924013350-4ba4fb4dd9e7/go.mod h1:IxCIyHEi3zRg3s0A5j5BB6A9Jmi73HwBIUl50j+osU4=
golang.org/x/sys v0.0.0-20220919091848-fb04ddd9f9c8 h1:h+EGohizhe9XlX18rfpa8k8RAc5XyaeamM+0VHRd4lc=
golang.org/x/sys v0.0.0-20220919091848-fb04ddd9f9c8/go.mod h1:oPkhp1MJrh7nUepCBck5+mAzfO9JrbApNNgaTdGDITg=
golang.org/x/term v0.0.0-20210927222741-03fcf44c2211 h1:JGgROgKl9N8DuW20oFS5gxc+lE67/N3FcwmBPMe7ArY=
