github.com/alexj212/gox v0.2.15 h1:VRa+UVsJnFnPv5H9vK/M+q7Tm4lFymaGAscSHSKC5yo=
github.com/alexj212/gox v0.2.15/go.mod h1:II24ywJxXSiYk6PZDrZDtWdS0vQZ/9Yqk/pg/ZQuV0I=
github.com/droundy/goopt v0.0.0-20220217183150-48d6390ad4d1 h1:6PKU05V7zJIJlTBq7AnEIrLVEUIYF4NjTU2a28Ho6ko=
github.com/droundy/goopt v0.0.0-20220217183150-48d6390ad4d1/go.mod h1:ytRJ64WkuW4kf6/tuYqBATBCRFUP8X9+LDtgcvE+koI=
github.com/emicklei/proto v1.12.1 h1:6n/Z2pZAnBwuhU66Gs8160B8rrrYKo7h2F2sCOnNceE=
github.com/emicklei/proto v1.12.1/go.mod h1:rn1FgRS/FANiZdD2djyH7TMA9jdRDcYQ9IEN9yvjX0A=
github.com/pkg/errors v0.9.1 h1:FEBLx1zS214owpjy7qsBeixbURkuhQAwrK5UwLGTwt4=
github.com/pkg/errors v0.9.1/go.mod h1:bwawxfHBFNV+L2hUp1rHADufV3IMtnDRdf1r5NINEl0=
golang.org/x/crypto v0.14.0 h1:wBqGXzWJW6m1XrIKlAH0Hs1JJ7+9KBwnIO8v66Q9cHc=
golang.org/x/crypto v0.14.0/go.mod h1:MVFd36DqK4CsrnJYDkBA3VC4m2GkXAM0PvzMCn4JQf4=
golang.org/x/sys v0.13.0 h1:Af8nKPmuFypiUBjVoU9V20FiaFXOcuZI21p0ycVYYGE=
golang.org/x/sys v0.13.0/go.mod h1:oPkhp1MJrh7nUepCBck5+mAzfO9JrbApNNgaTdGDITg=
golang.org/x/term v0.13.0 h1:bb+I9cTfFazGW51MZqBVmZy7+JEJMouUHTUSKVQLBek=
golang.org/x/term v0.13.0/go.mod h1:LTmsnFJwVN6bCy1rVCoS+qHT1HhALEFxKncY3WNNh4U=
